
Microsoft Visual Studio Solution File, Format Version 11.00
# Visual Basic Express 2010
Project("{F184B08F-C81C-45F6-A57F-5ABD9991F28F}") = "ToggleTimer", "ToggleTimer\ToggleTimer.vbproj", "{64082B2F-1044-47C3-BB94-B2899D41C8B3}"
EndProject
Global
	GlobalSection(SolutionConfigurationPlatforms) = preSolution
		Debug|x86 = Debug|x86
		Release|x86 = Release|x86
	EndGlobalSection
	GlobalSection(ProjectConfigurationPlatforms) = postSolution
		{64082B2F-1044-47C3-BB94-B2899D41C8B3}.Debug|x86.ActiveCfg = Debug|x86
		{64082B2F-1044-47C3-BB94-B2899D41C8B3}.Debug|x86.Build.0 = Debug|x86
		{64082B2F-1044-47C3-BB94-B2899D41C8B3}.Release|x86.ActiveCfg = Release|x86
		{64082B2F-1044-47C3-BB94-B2899D41C8B3}.Release|x86.Build.0 = Release|x86
	EndGlobalSection
	GlobalSection(SolutionProperties) = preSolution
		HideSolutionNode = FALSE
	EndGlobalSection
EndGlobal
