
Microsoft Visual Studio Solution File, Format Version 11.00
# Visual Basic Express 2010
Project("{F184B08F-C81C-45F6-A57F-5ABD9991F28F}") = "ReadXmlData", "ReadXmlData\ReadXmlData.vbproj", "{E71D762D-5D92-4028-8448-7289A95D6045}"
EndProject
Global
	GlobalSection(SolutionConfigurationPlatforms) = preSolution
		Debug|Any CPU = Debug|Any CPU
		Release|Any CPU = Release|Any CPU
	EndGlobalSection
	GlobalSection(ProjectConfigurationPlatforms) = postSolution
		{E71D762D-5D92-4028-8448-7289A95D6045}.Debug|Any CPU.ActiveCfg = Debug|Any CPU
		{E71D762D-5D92-4028-8448-7289A95D6045}.Debug|Any CPU.Build.0 = Debug|Any CPU
		{E71D762D-5D92-4028-8448-7289A95D6045}.Release|Any CPU.ActiveCfg = Release|Any CPU
		{E71D762D-5D92-4028-8448-7289A95D6045}.Release|Any CPU.Build.0 = Release|Any CPU
	EndGlobalSection
	GlobalSection(SolutionProperties) = preSolution
		HideSolutionNode = FALSE
	EndGlobalSection
EndGlobal
