
Microsoft Visual Studio Solution File, Format Version 12.00
# Visual Studio Version 16
VisualStudioVersion = 16.0.30011.22
MinimumVisualStudioVersion = 10.0.40219.1
Project("{F184B08F-C81C-45F6-A57F-5ABD9991F28F}") = "Вызов методов объектов", "Вызов методов объектов\Вызов методов объектов.vbproj", "{9A019546-FC01-4420-9CBC-9442CD3455E5}"
EndProject
Global
	GlobalSection(SolutionConfigurationPlatforms) = preSolution
		Debug|Any CPU = Debug|Any CPU
		Release|Any CPU = Release|Any CPU
	EndGlobalSection
	GlobalSection(ProjectConfigurationPlatforms) = postSolution
		{9A019546-FC01-4420-9CBC-9442CD3455E5}.Debug|Any CPU.ActiveCfg = Debug|Any CPU
		{9A019546-FC01-4420-9CBC-9442CD3455E5}.Debug|Any CPU.Build.0 = Debug|Any CPU
		{9A019546-FC01-4420-9CBC-9442CD3455E5}.Release|Any CPU.ActiveCfg = Release|Any CPU
		{9A019546-FC01-4420-9CBC-9442CD3455E5}.Release|Any CPU.Build.0 = Release|Any CPU
	EndGlobalSection
	GlobalSection(SolutionProperties) = preSolution
		HideSolutionNode = FALSE
	EndGlobalSection
	GlobalSection(ExtensibilityGlobals) = postSolution
		SolutionGuid = {DD63C6A9-989C-455F-8E3C-49B1814CCA99}
	EndGlobalSection
EndGlobal
